# THIS IS AN AUTOGENERATED FILE. DO NOT EDIT THIS FILE DIRECTLY.
# yarn lockfile v1


"@types/evernote@^2.0.0":
  version "2.0.0"
  resolved "https://registry.yarnpkg.com/@types/evernote/-/evernote-2.0.0.tgz#c5357b4c585b6129cf3c9e24c10816866273d70c"
  integrity sha512-8nKcmXGuoSBiA/6HbQsaL5YmgNmmzRerbeYs55pSs6hgluG5hdN73ohEwwRVXBwoK7BWRAy62SR5diWf26f52A==
  dependencies:
    "@types/oauth" "*"

"@types/node@*":
  version "14.14.9"
  resolved "https://registry.yarnpkg.com/@types/node/-/node-14.14.9.tgz#04afc9a25c6ff93da14deabd65dc44485b53c8d6"
  integrity sha512-JsoLXFppG62tWTklIoO4knA+oDTYsmqWxHRvd4lpmfQRNhX6osheUOWETP2jMoV/2bEHuMra8Pp3Dmo/stBFcw==

"@types/oauth@*":
  version "0.9.1"
  resolved "https://registry.yarnpkg.com/@types/oauth/-/oauth-0.9.1.tgz#e17221e7f7936b0459ae7d006255dff61adca305"
  integrity sha512-a1iY62/a3yhZ7qH7cNUsxoI3U/0Fe9+RnuFrpTKr+0WVOzbKlSLojShCKe20aOD1Sppv+i8Zlq0pLDuTJnwS4A==
  dependencies:
    "@types/node" "*"

commander@^6.2.0:
  version "6.2.0"
  resolved "https://registry.yarnpkg.com/commander/-/commander-6.2.0.tgz#b990bfb8ac030aedc6d11bc04d1488ffef56db75"
  integrity sha512-zP4jEKbe8SHzKJYQmq8Y9gYjtO/POJLgIdKgV7B9qNmABVFVc+ctqSX6iXh4mCpJfRBOabiZ2YKPg8ciDw6C+Q==

dotenv@^8.2.0:
  version "8.2.0"
  resolved "https://registry.yarnpkg.com/dotenv/-/dotenv-8.2.0.tgz#97e619259ada750eea3e4ea3e26bceea5424b16a"
  integrity sha512-8sJ78ElpbDJBHNeBzUbUVLsqKdccaa/BXF1uPTw3GrvQTBgrQrtObr2mUrE38vzYd8cEv+m/JBfDLioYcfXoaw==

evernote@^2.0.5:
  version "2.0.5"
  resolved "https://registry.yarnpkg.com/evernote/-/evernote-2.0.5.tgz#187f979b450d93d54190d852c69494e48e677e23"
  integrity sha512-DuOk3t9HKwkxZBaZU1Mz8vmZSEM2LVI3eLdML90Is3+8WlPwpYcLeo4z+eklT8NUGD3GA6oOnlP+6e0z0rDX1Q==
  dependencies:
    oauth "^0.9.14"

oauth@^0.9.14, oauth@^0.9.15:
  version "0.9.15"
  resolved "https://registry.yarnpkg.com/oauth/-/oauth-0.9.15.tgz#bd1fefaf686c96b75475aed5196412ff60cfb9c1"
  integrity sha1-vR/vr2hslrdUda7VGWQS/2DPucE=

typescript@^4.0.5:
  version "4.0.5"
  resolved "https://registry.yarnpkg.com/typescript/-/typescript-4.0.5.tgz#ae9dddfd1069f1cb5beb3ef3b2170dd7c1332389"
  integrity sha512-ywmr/VrTVCmNTJ6iV2LwIrfG1P+lv6luD8sUJs+2eI9NLGigaN+nUQc13iHqisq7bra9lnmUSYqbJvegraBOPQ==
